
Microsoft Visual Studio Solution File, Format Version 12.00
# Visual Studio Version 16
VisualStudioVersion = 16.0.30503.244
MinimumVisualStudioVersion = 10.0.40219.1
Project("{FAE04EC0-301F-11D3-BF4B-00C04F79EFBC}") = "HtmlDOMSample", "HtmlDOMSample\HtmlDOMSample.csproj", "{38AA9DA2-6700-49BE-9E45-1391BCE2D453}"
EndProject
Global
	GlobalSection(SolutionConfigurationPlatforms) = preSolution
		Debug|Any CPU = Debug|Any CPU
		Release|Any CPU = Release|Any CPU
	EndGlobalSection
	GlobalSection(ProjectConfigurationPlatforms) = postSolution
		{38AA9DA2-6700-49BE-9E45-1391BCE2D453}.Debug|Any CPU.ActiveCfg = Debug|Any CPU
		{38AA9DA2-6700-49BE-9E45-1391BCE2D453}.Debug|Any CPU.Build.0 = Debug|Any CPU
		{38AA9DA2-6700-49BE-9E45-1391BCE2D453}.Release|Any CPU.ActiveCfg = Release|Any CPU
		{38AA9DA2-6700-49BE-9E45-1391BCE2D453}.Release|Any CPU.Build.0 = Release|Any CPU
	EndGlobalSection
	GlobalSection(SolutionProperties) = preSolution
		HideSolutionNode = FALSE
	EndGlobalSection
	GlobalSection(ExtensibilityGlobals) = postSolution
		SolutionGuid = {23E11223-C246-4187-BD20-EDCC3C88B9B3}
	EndGlobalSection
EndGlobal
